
Microsoft Visual Studio Solution File, Format Version 12.00
# Visual Studio Version 16
VisualStudioVersion = 16.0.29424.173
MinimumVisualStudioVersion = 10.0.40219.1
Project("{8BC9CEB8-8B4A-11D0-8D11-00A0C91BC942}") = "ass4", "ass4.vcxproj", "{D6676068-5267-4A4D-8279-1E839050E98E}"
EndProject
Global
	GlobalSection(SolutionConfigurationPlatforms) = preSolution
		Debug|x64 = Debug|x64
		Debug|x86 = Debug|x86
		Release|x64 = Release|x64
		Release|x86 = Release|x86
	EndGlobalSection
	GlobalSection(ProjectConfigurationPlatforms) = postSolution
		{D6676068-5267-4A4D-8279-1E839050E98E}.Debug|x64.ActiveCfg = Debug|x64
		{D6676068-5267-4A4D-8279-1E839050E98E}.Debug|x64.Build.0 = Debug|x64
		{D6676068-5267-4A4D-8279-1E839050E98E}.Debug|x86.ActiveCfg = Debug|Win32
		{D6676068-5267-4A4D-8279-1E839050E98E}.Debug|x86.Build.0 = Debug|Win32
		{D6676068-5267-4A4D-8279-1E839050E98E}.Release|x64.ActiveCfg = Release|x64
		{D6676068-5267-4A4D-8279-1E839050E98E}.Release|x64.Build.0 = Release|x64
		{D6676068-5267-4A4D-8279-1E839050E98E}.Release|x86.ActiveCfg = Release|Win32
		{D6676068-5267-4A4D-8279-1E839050E98E}.Release|x86.Build.0 = Release|Win32
	EndGlobalSection
	GlobalSection(SolutionProperties) = preSolution
		HideSolutionNode = FALSE
	EndGlobalSection
	GlobalSection(ExtensibilityGlobals) = postSolution
		SolutionGuid = {138DB56C-0712-41D3-8CF5-113512C208FC}
	EndGlobalSection
EndGlobal
